<?xml version="1.0" encoding="utf-8"?>
<Project ToolsVersion="4.0" xmlns="http://schemas.microsoft.com/developer/msbuild/2003">
  <ItemGroup>
    <ClCompile Include="3DClasses\BaseObject3D.cpp">
      <Filter>Sources</Filter>
    </ClCompile>
    <ClCompile Include="d3dApp.cpp">
      <Filter>Sources</Filter>
    </ClCompile>
    <ClCompile Include="DirectInput.cpp">
      <Filter>Sources</Filter>
    </ClCompile>
    <ClCompile Include="GfxStats.cpp">
      <Filter>Sources</Filter>
    </ClCompile>
    <ClCompile Include="SkeletonClass.cpp">
      <Filter>Sources</Filter>
    </ClCompile>
    <ClCompile Include="3DClasses\Vertex.cpp">
      <Filter>Sources</Filter>
    </ClCompile>
    <ClCompile Include="Cone.cpp">
      <Filter>Sources\Shapes</Filter>
    </ClCompile>
    <ClCompile Include="Cylinder.cpp">
      <Filter>Sources\Shapes</Filter>
    </ClCompile>
    <ClCompile Include="Sphere.cpp">
      <Filter>Sources\Shapes</Filter>
    </ClCompile>
    <ClCompile Include="Torus.cpp">
      <Filter>Sources\Shapes</Filter>
    </ClCompile>
    <ClCompile Include="Teapot.cpp">
      <Filter>Sources\Shapes</Filter>
    </ClCompile>
    <ClCompile Include="EnhancedMaterial.cpp">
      <Filter>Sources\Materials</Filter>
    </ClCompile>
    <ClCompile Include="BaseMaterial.cpp">
      <Filter>Sources\Materials</Filter>
    </ClCompile>
    <ClCompile Include="EarthMaterial.cpp">
      <Filter>Sources\Materials</Filter>
    </ClCompile>
    <ClCompile Include="WaterMaterial.cpp">
      <Filter>Sources\Materials</Filter>
    </ClCompile>
  </ItemGroup>
  <ItemGroup>
    <ClInclude Include="3DClasses\BaseObject3D.h">
      <Filter>Headers</Filter>
    </ClInclude>
    <ClInclude Include="d3dApp.h">
      <Filter>Headers</Filter>
    </ClInclude>
    <ClInclude Include="d3dUtil.h">
      <Filter>Headers</Filter>
    </ClInclude>
    <ClInclude Include="DirectInput.h">
      <Filter>Headers</Filter>
    </ClInclude>
    <ClInclude Include="GfxStats.h">
      <Filter>Headers</Filter>
    </ClInclude>
    <ClInclude Include="SkeletonClass.h">
      <Filter>Headers</Filter>
    </ClInclude>
    <ClInclude Include="3DClasses\Vertex.h">
      <Filter>Headers</Filter>
    </ClInclude>
    <ClInclude Include="Cone.h">
      <Filter>Headers\Shapes</Filter>
    </ClInclude>
    <ClInclude Include="Cylinder.h">
      <Filter>Headers\Shapes</Filter>
    </ClInclude>
    <ClInclude Include="Sphere.h">
      <Filter>Headers\Shapes</Filter>
    </ClInclude>
    <ClInclude Include="Torus.h">
      <Filter>Headers\Shapes</Filter>
    </ClInclude>
    <ClInclude Include="Teapot.h">
      <Filter>Headers\Shapes</Filter>
    </ClInclude>
    <ClInclude Include="SolarSystem.h">
      <Filter>Headers</Filter>
    </ClInclude>
    <ClInclude Include="EarthMaterial.h">
      <Filter>Headers\Materials</Filter>
    </ClInclude>
    <ClInclude Include="WaterMaterial.h">
      <Filter>Headers\Materials</Filter>
    </ClInclude>
    <ClInclude Include="EnhancedMaterial.h">
      <Filter>Headers\Materials</Filter>
    </ClInclude>
    <ClInclude Include="BaseMaterial.h">
      <Filter>Headers\Materials</Filter>
    </ClInclude>
  </ItemGroup>
  <ItemGroup>
    <Filter Include="Headers">
      <UniqueIdentifier>{864bd568-03e1-42e1-9c8b-39b75facb14a}</UniqueIdentifier>
    </Filter>
    <Filter Include="Sources">
      <UniqueIdentifier>{2bce716b-2e89-4a92-8a40-f0f6a8d1677d}</UniqueIdentifier>
    </Filter>
    <Filter Include="Headers\Shapes">
      <UniqueIdentifier>{852dec86-a02c-4eac-83cb-ef83e53b6b21}</UniqueIdentifier>
    </Filter>
    <Filter Include="Sources\Shapes">
      <UniqueIdentifier>{c732111d-334f-47f1-8bd0-976f94cee9cf}</UniqueIdentifier>
    </Filter>
    <Filter Include="Sources\Materials">
      <UniqueIdentifier>{72194592-4ea7-4e93-b706-208bbc889859}</UniqueIdentifier>
    </Filter>
    <Filter Include="Headers\Materials">
      <UniqueIdentifier>{f61f1958-26a0-4753-b13d-ebeb6b73d341}</UniqueIdentifier>
    </Filter>
    <Filter Include="Shaders">
      <UniqueIdentifier>{3055a2e3-aa03-4f62-80af-f1927f94e5bf}</UniqueIdentifier>
    </Filter>
  </ItemGroup>
  <ItemGroup>
    <None Include="phongReflectionMapping.fx">
      <Filter>Shaders</Filter>
    </None>
    <None Include="pointlight.fx">
      <Filter>Shaders</Filter>
    </None>
    <None Include="spotlight.fx">
      <Filter>Shaders</Filter>
    </None>
    <None Include="water.fx">
      <Filter>Shaders</Filter>
    </None>
    <None Include="earth.fx">
      <Filter>Shaders</Filter>
    </None>
  </ItemGroup>
  <ItemGroup>
    <FxCompile Include="skybox.fx">
      <Filter>Shaders</Filter>
    </FxCompile>
  </ItemGroup>
</Project>